// !$*UTF8*$!
{
	archiveVersion = 1;
	classes = {
	};
	objectVersion = 56;
	objects = {

/* Begin PBXBuildFile section */
		0E06E766294BA74B00739C38 /* linear_algebra.cpp in Sources */ = {isa = PBXBuildFile; fileRef = 0E06E765294BA74B00739C38 /* linear_algebra.cpp */; };
		0E06E767294BA8B100739C38 /* libLinear Algebra.dylib in Frameworks */ = {isa = PBXBuildFile; fileRef = 0EADEFA12931EBC800B0374E /* libLinear Algebra.dylib */; platformFilters = (macos, ); };
		0E39C7F72938D0F50031FBFB /* Accelerate.framework in Frameworks */ = {isa = PBXBuildFile; fileRef = 0E39C7F62938D0F50031FBFB /* Accelerate.framework */; };
		0E39C7F92938D8FD0031FBFB /* Accelerate.framework in Frameworks */ = {isa = PBXBuildFile; fileRef = 0E39C7F82938D8FD0031FBFB /* Accelerate.framework */; };
		0EADEFC72931EFF300B0374E /* TestLinearAlgebra.mm in Sources */ = {isa = PBXBuildFile; fileRef = 0EADEFC62931EFF300B0374E /* TestLinearAlgebra.mm */; };
/* End PBXBuildFile section */

/* Begin PBXFileReference section */
		0E06E765294BA74B00739C38 /* linear_algebra.cpp */ = {isa = PBXFileReference; lastKnownFileType = sourcecode.cpp.cpp; path = linear_algebra.cpp; sourceTree = "<group>"; };
		0E39C7F62938D0F50031FBFB /* Accelerate.framework */ = {isa = PBXFileReference; lastKnownFileType = wrapper.framework; name = Accelerate.framework; path = System/Library/Frameworks/Accelerate.framework; sourceTree = SDKROOT; };
		0E39C7F82938D8FD0031FBFB /* Accelerate.framework */ = {isa = PBXFileReference; lastKnownFileType = wrapper.framework; name = Accelerate.framework; path = Platforms/iPhoneOS.platform/Developer/SDKs/iPhoneOS16.1.sdk/System/Library/Frameworks/Accelerate.framework; sourceTree = DEVELOPER_DIR; };
		0EADEFA12931EBC800B0374E /* libLinear Algebra.dylib */ = {isa = PBXFileReference; explicitFileType = "compiled.mach-o.dylib"; includeInIndex = 0; path = "libLinear Algebra.dylib"; sourceTree = BUILT_PRODUCTS_DIR; };
		0EADEFAF2931EC1400B0374E /* include */ = {isa = PBXFileReference; lastKnownFileType = folder; path = include; sourceTree = "<group>"; };
		0EADEFB12931EC1400B0374E /* doc */ = {isa = PBXFileReference; lastKnownFileType = folder; path = doc; sourceTree = "<group>"; };
		0EADEFB22931EC1400B0374E /* test */ = {isa = PBXFileReference; lastKnownFileType = folder; path = test; sourceTree = "<group>"; };
		0EADEFB32931EC1500B0374E /* README.md */ = {isa = PBXFileReference; fileEncoding = 4; lastKnownFileType = net.daringfireball.markdown; path = README.md; sourceTree = "<group>"; };
		0EADEFBC2931EEE600B0374E /* TestLinearAlgebra.xctest */ = {isa = PBXFileReference; explicitFileType = wrapper.cfbundle; includeInIndex = 0; path = TestLinearAlgebra.xctest; sourceTree = BUILT_PRODUCTS_DIR; };
		0EADEFC62931EFF300B0374E /* TestLinearAlgebra.mm */ = {isa = PBXFileReference; lastKnownFileType = sourcecode.cpp.objcpp; name = TestLinearAlgebra.mm; path = test/TestLinearAlgebra.mm; sourceTree = "<group>"; };
/* End PBXFileReference section */

/* Begin PBXFrameworksBuildPhase section */
		0EADEF9F2931EBC800B0374E /* Frameworks */ = {
			isa = PBXFrameworksBuildPhase;
			buildActionMask = 2147483647;
			files = (
				0E39C7F72938D0F50031FBFB /* Accelerate.framework in Frameworks */,
			);
			runOnlyForDeploymentPostprocessing = 0;
		};
		0EADEFB92931EEE600B0374E /* Frameworks */ = {
			isa = PBXFrameworksBuildPhase;
			buildActionMask = 2147483647;
			files = (
				0E39C7F92938D8FD0031FBFB /* Accelerate.framework in Frameworks */,
				0E06E767294BA8B100739C38 /* libLinear Algebra.dylib in Frameworks */,
			);
			runOnlyForDeploymentPostprocessing = 0;
		};
/* End PBXFrameworksBuildPhase section */

/* Begin PBXGroup section */
		0E06E764294BA73300739C38 /* src */ = {
			isa = PBXGroup;
			children = (
				0E06E765294BA74B00739C38 /* linear_algebra.cpp */,
			);
			path = src;
			sourceTree = "<group>";
		};
		0EADEF982931EBC800B0374E = {
			isa = PBXGroup;
			children = (
				0EADEFC62931EFF300B0374E /* TestLinearAlgebra.mm */,
				0EADEFB12931EC1400B0374E /* doc */,
				0EADEFAF2931EC1400B0374E /* include */,
				0EADEFB32931EC1500B0374E /* README.md */,
				0E06E764294BA73300739C38 /* src */,
				0EADEFB22931EC1400B0374E /* test */,
				0EADEFA22931EBC800B0374E /* Products */,
				0EADEFCC2931F09D00B0374E /* Frameworks */,
			);
			sourceTree = "<group>";
		};
		0EADEFA22931EBC800B0374E /* Products */ = {
			isa = PBXGroup;
			children = (
				0EADEFA12931EBC800B0374E /* libLinear Algebra.dylib */,
				0EADEFBC2931EEE600B0374E /* TestLinearAlgebra.xctest */,
			);
			name = Products;
			sourceTree = "<group>";
		};
		0EADEFCC2931F09D00B0374E /* Frameworks */ = {
			isa = PBXGroup;
			children = (
				0E39C7F82938D8FD0031FBFB /* Accelerate.framework */,
				0E39C7F62938D0F50031FBFB /* Accelerate.framework */,
			);
			name = Frameworks;
			sourceTree = "<group>";
		};
/* End PBXGroup section */

/* Begin PBXHeadersBuildPhase section */
		0EADEF9D2931EBC800B0374E /* Headers */ = {
			isa = PBXHeadersBuildPhase;
			buildActionMask = 2147483647;
			files = (
			);
			runOnlyForDeploymentPostprocessing = 0;
		};
/* End PBXHeadersBuildPhase section */

/* Begin PBXNativeTarget section */
		0EADEFA02931EBC800B0374E /* Linear Algebra */ = {
			isa = PBXNativeTarget;
			buildConfigurationList = 0EADEFAC2931EBC800B0374E /* Build configuration list for PBXNativeTarget "Linear Algebra" */;
			buildPhases = (
				0EADEF9D2931EBC800B0374E /* Headers */,
				0EADEF9E2931EBC800B0374E /* Sources */,
				0EADEF9F2931EBC800B0374E /* Frameworks */,
			);
			buildRules = (
			);
			dependencies = (
			);
			name = "Linear Algebra";
			productName = "Linear Algebra";
			productReference = 0EADEFA12931EBC800B0374E /* libLinear Algebra.dylib */;
			productType = "com.apple.product-type.library.dynamic";
		};
		0EADEFBB2931EEE600B0374E /* TestLinearAlgebra */ = {
			isa = PBXNativeTarget;
			buildConfigurationList = 0EADEFC32931EEE600B0374E /* Build configuration list for PBXNativeTarget "TestLinearAlgebra" */;
			buildPhases = (
				0EADEFB82931EEE600B0374E /* Sources */,
				0EADEFB92931EEE600B0374E /* Frameworks */,
				0EADEFBA2931EEE600B0374E /* Resources */,
			);
			buildRules = (
			);
			dependencies = (
			);
			name = TestLinearAlgebra;
			productName = TestLinearAlgebra;
			productReference = 0EADEFBC2931EEE600B0374E /* TestLinearAlgebra.xctest */;
			productType = "com.apple.product-type.bundle.unit-test";
		};
/* End PBXNativeTarget section */

/* Begin PBXProject section */
		0EADEF992931EBC800B0374E /* Project object */ = {
			isa = PBXProject;
			attributes = {
				BuildIndependentTargetsInParallel = 1;
				LastUpgradeCheck = 1420;
				TargetAttributes = {
					0EADEFA02931EBC800B0374E = {
						CreatedOnToolsVersion = 14.1;
					};
					0EADEFBB2931EEE600B0374E = {
						CreatedOnToolsVersion = 14.1;
					};
				};
			};
			buildConfigurationList = 0EADEF9C2931EBC800B0374E /* Build configuration list for PBXProject "Linear Algebra" */;
			compatibilityVersion = "Xcode 14.0";
			developmentRegion = en;
			hasScannedForEncodings = 0;
			knownRegions = (
				en,
				Base,
			);
			mainGroup = 0EADEF982931EBC800B0374E;
			productRefGroup = 0EADEFA22931EBC800B0374E /* Products */;
			projectDirPath = "";
			projectRoot = "";
			targets = (
				0EADEFA02931EBC800B0374E /* Linear Algebra */,
				0EADEFBB2931EEE600B0374E /* TestLinearAlgebra */,
			);
		};
/* End PBXProject section */

/* Begin PBXResourcesBuildPhase section */
		0EADEFBA2931EEE600B0374E /* Resources */ = {
			isa = PBXResourcesBuildPhase;
			buildActionMask = 2147483647;
			files = (
			);
			runOnlyForDeploymentPostprocessing = 0;
		};
/* End PBXResourcesBuildPhase section */

/* Begin PBXSourcesBuildPhase section */
		0EADEF9E2931EBC800B0374E /* Sources */ = {
			isa = PBXSourcesBuildPhase;
			buildActionMask = 2147483647;
			files = (
				0E06E766294BA74B00739C38 /* linear_algebra.cpp in Sources */,
			);
			runOnlyForDeploymentPostprocessing = 0;
		};
		0EADEFB82931EEE600B0374E /* Sources */ = {
			isa = PBXSourcesBuildPhase;
			buildActionMask = 2147483647;
			files = (
				0EADEFC72931EFF300B0374E /* TestLinearAlgebra.mm in Sources */,
			);
			runOnlyForDeploymentPostprocessing = 0;
		};
/* End PBXSourcesBuildPhase section */

/* Begin XCBuildConfiguration section */
		0EADEFAA2931EBC800B0374E /* Debug */ = {
			isa = XCBuildConfiguration;
			buildSettings = {
				ALWAYS_SEARCH_USER_PATHS = NO;
				CLANG_ANALYZER_NONNULL = YES;
				CLANG_ANALYZER_NUMBER_OBJECT_CONVERSION = YES_AGGRESSIVE;
				CLANG_CXX_LANGUAGE_STANDARD = "gnu++20";
				CLANG_ENABLE_MODULES = YES;
				CLANG_ENABLE_OBJC_ARC = YES;
				CLANG_ENABLE_OBJC_WEAK = YES;
				CLANG_WARN_BLOCK_CAPTURE_AUTORELEASING = YES;
				CLANG_WARN_BOOL_CONVERSION = YES;
				CLANG_WARN_COMMA = YES;
				CLANG_WARN_CONSTANT_CONVERSION = YES;
				CLANG_WARN_DEPRECATED_OBJC_IMPLEMENTATIONS = YES;
				CLANG_WARN_DIRECT_OBJC_ISA_USAGE = YES_ERROR;
				CLANG_WARN_DOCUMENTATION_COMMENTS = YES;
				CLANG_WARN_EMPTY_BODY = YES;
				CLANG_WARN_ENUM_CONVERSION = YES;
				CLANG_WARN_INFINITE_RECURSION = YES;
				CLANG_WARN_INT_CONVERSION = YES;
				CLANG_WARN_NON_LITERAL_NULL_CONVERSION = YES;
				CLANG_WARN_OBJC_IMPLICIT_RETAIN_SELF = YES;
				CLANG_WARN_OBJC_LITERAL_CONVERSION = YES;
				CLANG_WARN_OBJC_ROOT_CLASS = YES_ERROR;
				CLANG_WARN_QUOTED_INCLUDE_IN_FRAMEWORK_HEADER = YES;
				CLANG_WARN_RANGE_LOOP_ANALYSIS = YES;
				CLANG_WARN_STRICT_PROTOTYPES = YES;
				CLANG_WARN_SUSPICIOUS_MOVE = YES;
				CLANG_WARN_UNGUARDED_AVAILABILITY = YES_AGGRESSIVE;
				CLANG_WARN_UNREACHABLE_CODE = YES;
				CLANG_WARN__DUPLICATE_METHOD_MATCH = YES;
				COPY_PHASE_STRIP = NO;
				DEAD_CODE_STRIPPING = YES;
				DEBUG_INFORMATION_FORMAT = dwarf;
				ENABLE_STRICT_OBJC_MSGSEND = YES;
				ENABLE_TESTABILITY = YES;
				GCC_C_LANGUAGE_STANDARD = gnu11;
				GCC_DYNAMIC_NO_PIC = NO;
				GCC_NO_COMMON_BLOCKS = YES;
				GCC_OPTIMIZATION_LEVEL = 0;
				GCC_PREPROCESSOR_DEFINITIONS = (
					"DEBUG=1",
					"$(inherited)",
				);
				GCC_WARN_64_TO_32_BIT_CONVERSION = YES;
				GCC_WARN_ABOUT_RETURN_TYPE = YES_ERROR;
				GCC_WARN_UNDECLARED_SELECTOR = YES;
				GCC_WARN_UNINITIALIZED_AUTOS = YES_AGGRESSIVE;
				GCC_WARN_UNUSED_FUNCTION = YES;
				GCC_WARN_UNUSED_VARIABLE = YES;
				MACOSX_DEPLOYMENT_TARGET = 13.0;
				MTL_ENABLE_DEBUG_INFO = INCLUDE_SOURCE;
				MTL_FAST_MATH = YES;
				ONLY_ACTIVE_ARCH = YES;
				SDKROOT = macosx;
			};
			name = Debug;
		};
		0EADEFAB2931EBC800B0374E /* Release */ = {
			isa = XCBuildConfiguration;
			buildSettings = {
				ALWAYS_SEARCH_USER_PATHS = NO;
				CLANG_ANALYZER_NONNULL = YES;
				CLANG_ANALYZER_NUMBER_OBJECT_CONVERSION = YES_AGGRESSIVE;
				CLANG_CXX_LANGUAGE_STANDARD = "gnu++20";
				CLANG_ENABLE_MODULES = YES;
				CLANG_ENABLE_OBJC_ARC = YES;
				CLANG_ENABLE_OBJC_WEAK = YES;
				CLANG_WARN_BLOCK_CAPTURE_AUTORELEASING = YES;
				CLANG_WARN_BOOL_CONVERSION = YES;
				CLANG_WARN_COMMA = YES;
				CLANG_WARN_CONSTANT_CONVERSION = YES;
				CLANG_WARN_DEPRECATED_OBJC_IMPLEMENTATIONS = YES;
				CLANG_WARN_DIRECT_OBJC_ISA_USAGE = YES_ERROR;
				CLANG_WARN_DOCUMENTATION_COMMENTS = YES;
				CLANG_WARN_EMPTY_BODY = YES;
				CLANG_WARN_ENUM_CONVERSION = YES;
				CLANG_WARN_INFINITE_RECURSION = YES;
				CLANG_WARN_INT_CONVERSION = YES;
				CLANG_WARN_NON_LITERAL_NULL_CONVERSION = YES;
				CLANG_WARN_OBJC_IMPLICIT_RETAIN_SELF = YES;
				CLANG_WARN_OBJC_LITERAL_CONVERSION = YES;
				CLANG_WARN_OBJC_ROOT_CLASS = YES_ERROR;
				CLANG_WARN_QUOTED_INCLUDE_IN_FRAMEWORK_HEADER = YES;
				CLANG_WARN_RANGE_LOOP_ANALYSIS = YES;
				CLANG_WARN_STRICT_PROTOTYPES = YES;
				CLANG_WARN_SUSPICIOUS_MOVE = YES;
				CLANG_WARN_UNGUARDED_AVAILABILITY = YES_AGGRESSIVE;
				CLANG_WARN_UNREACHABLE_CODE = YES;
				CLANG_WARN__DUPLICATE_METHOD_MATCH = YES;
				COPY_PHASE_STRIP = NO;
				DEAD_CODE_STRIPPING = YES;
				DEBUG_INFORMATION_FORMAT = "dwarf-with-dsym";
				ENABLE_NS_ASSERTIONS = NO;
				ENABLE_STRICT_OBJC_MSGSEND = YES;
				GCC_C_LANGUAGE_STANDARD = gnu11;
				GCC_NO_COMMON_BLOCKS = YES;
				GCC_WARN_64_TO_32_BIT_CONVERSION = YES;
				GCC_WARN_ABOUT_RETURN_TYPE = YES_ERROR;
				GCC_WARN_UNDECLARED_SELECTOR = YES;
				GCC_WARN_UNINITIALIZED_AUTOS = YES_AGGRESSIVE;
				GCC_WARN_UNUSED_FUNCTION = YES;
				GCC_WARN_UNUSED_VARIABLE = YES;
				MACOSX_DEPLOYMENT_TARGET = 13.0;
				MTL_ENABLE_DEBUG_INFO = NO;
				MTL_FAST_MATH = YES;
				SDKROOT = macosx;
			};
			name = Release;
		};
		0EADEFAD2931EBC800B0374E /* Debug */ = {
			isa = XCBuildConfiguration;
			buildSettings = {
				CLANG_CXX_LANGUAGE_STANDARD = "c++17";
				CODE_SIGN_STYLE = Automatic;
				DEAD_CODE_STRIPPING = YES;
				DEVELOPMENT_TEAM = PJMW65YB82;
				DYLIB_COMPATIBILITY_VERSION = 1;
				DYLIB_CURRENT_VERSION = 1;
				EXECUTABLE_PREFIX = lib;
				GCC_ENABLE_CPP_EXCEPTIONS = YES;
				GCC_ENABLE_CPP_RTTI = YES;
				GCC_INLINES_ARE_PRIVATE_EXTERN = NO;
				GCC_SYMBOLS_PRIVATE_EXTERN = YES;
				HEADER_SEARCH_PATHS = (
					/usr/local/include,
					/opt/homebrew/include,
					$SRCROOT/include/lalib,
				);
				LIBRARY_SEARCH_PATHS = (
					/usr/local/lib,
					/opt/homebrew/lib,
				);
				PRODUCT_NAME = "$(TARGET_NAME)";
				SKIP_INSTALL = YES;
				WARNING_CFLAGS = (
					"-Wextra",
					"-Wall",
				);
			};
			name = Debug;
		};
		0EADEFAE2931EBC800B0374E /* Release */ = {
			isa = XCBuildConfiguration;
			buildSettings = {
				CLANG_CXX_LANGUAGE_STANDARD = "c++17";
				CODE_SIGN_STYLE = Automatic;
				DEAD_CODE_STRIPPING = YES;
				DEVELOPMENT_TEAM = PJMW65YB82;
				DYLIB_COMPATIBILITY_VERSION = 1;
				DYLIB_CURRENT_VERSION = 1;
				EXECUTABLE_PREFIX = lib;
				GCC_ENABLE_CPP_EXCEPTIONS = YES;
				GCC_ENABLE_CPP_RTTI = YES;
				GCC_INLINES_ARE_PRIVATE_EXTERN = NO;
				GCC_SYMBOLS_PRIVATE_EXTERN = YES;
				HEADER_SEARCH_PATHS = (
					/usr/local/include,
					/opt/homebrew/include,
					$SRCROOT/include/lalib,
				);
				LIBRARY_SEARCH_PATHS = (
					/usr/local/lib,
					/opt/homebrew/lib,
				);
				PRODUCT_NAME = "$(TARGET_NAME)";
				SKIP_INSTALL = YES;
				WARNING_CFLAGS = (
					"-Wextra",
					"-Wall",
				);
			};
			name = Release;
		};
		0EADEFC42931EEE600B0374E /* Debug */ = {
			isa = XCBuildConfiguration;
			buildSettings = {
				CLANG_CXX_LANGUAGE_STANDARD = "c++17";
				CODE_SIGN_STYLE = Automatic;
				CURRENT_PROJECT_VERSION = 1;
				DEAD_CODE_STRIPPING = YES;
				DEVELOPMENT_TEAM = PJMW65YB82;
				GCC_INLINES_ARE_PRIVATE_EXTERN = NO;
				GENERATE_INFOPLIST_FILE = YES;
				HEADER_SEARCH_PATHS = (
					/usr/local/include,
					/opt/homebrew/include,
					$SRCROOT/include/lalib,
				);
				IPHONEOS_DEPLOYMENT_TARGET = 16.1;
				LIBRARY_SEARCH_PATHS = (
					/usr/local/lib,
					/opt/homebrew/lib,
				);
				MACOSX_DEPLOYMENT_TARGET = 13.0;
				MARKETING_VERSION = 1.0;
				PRODUCT_BUNDLE_IDENTIFIER = com.teaeles.TestLinearAlgebra;
				PRODUCT_NAME = "$(TARGET_NAME)";
				SDKROOT = auto;
				SUPPORTED_PLATFORMS = "iphoneos iphonesimulator macosx";
				SWIFT_EMIT_LOC_STRINGS = NO;
				TARGETED_DEVICE_FAMILY = "1,2";
				WARNING_CFLAGS = (
					"-Wextra",
					"-Wall",
				);
			};
			name = Debug;
		};
		0EADEFC52931EEE600B0374E /* Release */ = {
			isa = XCBuildConfiguration;
			buildSettings = {
				CLANG_CXX_LANGUAGE_STANDARD = "c++17";
				CODE_SIGN_STYLE = Automatic;
				CURRENT_PROJECT_VERSION = 1;
				DEAD_CODE_STRIPPING = YES;
				DEVELOPMENT_TEAM = PJMW65YB82;
				GCC_INLINES_ARE_PRIVATE_EXTERN = NO;
				GENERATE_INFOPLIST_FILE = YES;
				HEADER_SEARCH_PATHS = (
					/usr/local/include,
					/opt/homebrew/include,
					$SRCROOT/include/lalib,
				);
				IPHONEOS_DEPLOYMENT_TARGET = 16.1;
				LIBRARY_SEARCH_PATHS = (
					/usr/local/lib,
					/opt/homebrew/lib,
				);
				MACOSX_DEPLOYMENT_TARGET = 13.0;
				MARKETING_VERSION = 1.0;
				PRODUCT_BUNDLE_IDENTIFIER = com.teaeles.TestLinearAlgebra;
				PRODUCT_NAME = "$(TARGET_NAME)";
				SDKROOT = auto;
				SUPPORTED_PLATFORMS = "iphoneos iphonesimulator macosx";
				SWIFT_EMIT_LOC_STRINGS = NO;
				TARGETED_DEVICE_FAMILY = "1,2";
				WARNING_CFLAGS = (
					"-Wextra",
					"-Wall",
				);
			};
			name = Release;
		};
/* End XCBuildConfiguration section */

/* Begin XCConfigurationList section */
		0EADEF9C2931EBC800B0374E /* Build configuration list for PBXProject "Linear Algebra" */ = {
			isa = XCConfigurationList;
			buildConfigurations = (
				0EADEFAA2931EBC800B0374E /* Debug */,
				0EADEFAB2931EBC800B0374E /* Release */,
			);
			defaultConfigurationIsVisible = 0;
			defaultConfigurationName = Release;
		};
		0EADEFAC2931EBC800B0374E /* Build configuration list for PBXNativeTarget "Linear Algebra" */ = {
			isa = XCConfigurationList;
			buildConfigurations = (
				0EADEFAD2931EBC800B0374E /* Debug */,
				0EADEFAE2931EBC800B0374E /* Release */,
			);
			defaultConfigurationIsVisible = 0;
			defaultConfigurationName = Release;
		};
		0EADEFC32931EEE600B0374E /* Build configuration list for PBXNativeTarget "TestLinearAlgebra" */ = {
			isa = XCConfigurationList;
			buildConfigurations = (
				0EADEFC42931EEE600B0374E /* Debug */,
				0EADEFC52931EEE600B0374E /* Release */,
			);
			defaultConfigurationIsVisible = 0;
			defaultConfigurationName = Release;
		};
/* End XCConfigurationList section */
	};
	rootObject = 0EADEF992931EBC800B0374E /* Project object */;
}
